
Microsoft Visual Studio Solution File, Format Version 12.00
# Visual Studio Version 17
VisualStudioVersion = 17.1.32319.34
MinimumVisualStudioVersion = 10.0.40219.1
Project("{9A19103F-16F7-4668-BE54-9A1E7A4F7556}") = "ASK", "ASK\ASK.csproj", "{43720646-D709-4D1F-9E83-889444555CE9}"
EndProject
Project("{9A19103F-16F7-4668-BE54-9A1E7A4F7556}") = "ASK.DAL", "DAL\ASK.DAL.csproj", "{38D4BC05-38CB-4410-97D5-3FDC1508DDC3}"
EndProject
Project("{9A19103F-16F7-4668-BE54-9A1E7A4F7556}") = "ASK.BLL", "BLL\ASK.BLL.csproj", "{D40BF72C-4F19-4FAF-9B02-D9012CC7E064}"
EndProject
Global
	GlobalSection(SolutionConfigurationPlatforms) = preSolution
		Debug|Any CPU = Debug|Any CPU
		Release|Any CPU = Release|Any CPU
	EndGlobalSection
	GlobalSection(ProjectConfigurationPlatforms) = postSolution
		{43720646-D709-4D1F-9E83-889444555CE9}.Debug|Any CPU.ActiveCfg = Debug|Any CPU
		{43720646-D709-4D1F-9E83-889444555CE9}.Debug|Any CPU.Build.0 = Debug|Any CPU
		{43720646-D709-4D1F-9E83-889444555CE9}.Release|Any CPU.ActiveCfg = Release|Any CPU
		{43720646-D709-4D1F-9E83-889444555CE9}.Release|Any CPU.Build.0 = Release|Any CPU
		{38D4BC05-38CB-4410-97D5-3FDC1508DDC3}.Debug|Any CPU.ActiveCfg = Debug|Any CPU
		{38D4BC05-38CB-4410-97D5-3FDC1508DDC3}.Debug|Any CPU.Build.0 = Debug|Any CPU
		{38D4BC05-38CB-4410-97D5-3FDC1508DDC3}.Release|Any CPU.ActiveCfg = Release|Any CPU
		{38D4BC05-38CB-4410-97D5-3FDC1508DDC3}.Release|Any CPU.Build.0 = Release|Any CPU
		{D40BF72C-4F19-4FAF-9B02-D9012CC7E064}.Debug|Any CPU.ActiveCfg = Debug|Any CPU
		{D40BF72C-4F19-4FAF-9B02-D9012CC7E064}.Debug|Any CPU.Build.0 = Debug|Any CPU
		{D40BF72C-4F19-4FAF-9B02-D9012CC7E064}.Release|Any CPU.ActiveCfg = Release|Any CPU
		{D40BF72C-4F19-4FAF-9B02-D9012CC7E064}.Release|Any CPU.Build.0 = Release|Any CPU
	EndGlobalSection
	GlobalSection(SolutionProperties) = preSolution
		HideSolutionNode = FALSE
	EndGlobalSection
	GlobalSection(ExtensibilityGlobals) = postSolution
		SolutionGuid = {734DB1AB-2565-4943-85B9-E68681BBEB11}
	EndGlobalSection
EndGlobal
